# THIS IS AN AUTOGENERATED FILE. DO NOT EDIT THIS FILE DIRECTLY.
# yarn lockfile v1


"@headlessui/react@^0.2.0":
  version "0.2.0"
  resolved "https://registry.yarnpkg.com/@headlessui/react/-/react-0.2.0.tgz#a31f90892d736243ba91c1474f534b3256d0c538"
  integrity sha512-YV+vF+QhTRcspydPdHF3ZXe+FkOiJpRdqMjjFIIX9bSdT2O2T7GurgKQdGgamNUM+B99MZBOTRqxS8Dlh485eg==
