# THIS IS AN AUTOGENERATED FILE. DO NOT EDIT THIS FILE DIRECTLY.
# yarn lockfile v1


"@headlessui/react@^0.2.0":
  version "0.2.0"
  resolved "https://registry.yarnpkg.com/@headlessui/react/-/react-0.2.0.tgz#a31f90892d736243ba91c1474f534b3256d0c538"
  integrity sha512-YV+vF+QhTRcspydPdHF3ZXe+FkOiJpRdqMjjFIIX9bSdT2O2T7GurgKQdGgamNUM+B99MZBOTRqxS8Dlh485eg==

"@rescript/react@^0.10.1":
  version "0.10.1"
  resolved "https://registry.yarnpkg.com/@rescript/react/-/react-0.10.1.tgz#ddce66ba664a104354d559c350ca4ebf17ab5a26"
  integrity sha512-5eIfGnV1yhjv03ktK6fQ6iEfsZKXKXXrq5hx4+ngEY4R/RU8o/oH9ne375m9RJMugV/jsE8hMoEeSSg2YQy3Ag==

bs-platform@^9.0.1:
  version "9.0.1"
  resolved "https://registry.yarnpkg.com/bs-platform/-/bs-platform-9.0.1.tgz#069dae007aadb400963cec25c8349ea1f3f6cae0"
  integrity sha512-RxUrwxVBCx9AiiyFIthZwfPn+tAn9noRHCb9xJK4Uw2deGxIytqyoWDepMbH35v7EpxX0OhfXL5RrjHTaXersA==
